// !$*UTF8*$!
{
	archiveVersion = 1;
	classes = {
	};
	objectVersion = 56;
	objects = {

/* Begin PBXBuildFile section */
		D01707E62DCC4F3E00158EDD /* WallhavenAPI.swift in Sources */ = {isa = PBXBuildFile; fileRef = D01707E32DCC4F3E00158EDD /* WallhavenAPI.swift */; };
		D01707E72DCC4F3E00158EDD /* WallpaperError.swift in Sources */ = {isa = PBXBuildFile; fileRef = D01707E42DCC4F3E00158EDD /* WallpaperError.swift */; };
		D01707E82DCC4F3E00158EDD /* WallpaperManager.swift in Sources */ = {isa = PBXBuildFile; fileRef = D01707E52DCC4F3E00158EDD /* WallpaperManager.swift */; };
		D0C2AED12DCDD1E700B5E4EA /* AppDelegate.swift in Sources */ = {isa = PBXBuildFile; fileRef = D0C2AECF2DCDD1E700B5E4EA /* AppDelegate.swift */; };
		D0C2AED22DCDD1E700B5E4EA /* StatusBarController.swift in Sources */ = {isa = PBXBuildFile; fileRef = D0C2AED02DCDD1E700B5E4EA /* StatusBarController.swift */; };
		D0ED74982DCB72EE0008C397 /* WallhavendApp.swift in Sources */ = {isa = PBXBuildFile; fileRef = D0ED74972DCB72EE0008C397 /* WallhavendApp.swift */; };
		D0ED749A2DCB72EE0008C397 /* ContentView.swift in Sources */ = {isa = PBXBuildFile; fileRef = D0ED74992DCB72EE0008C397 /* ContentView.swift */; };
		D0ED749C2DCB72F70008C397 /* Assets.xcassets in Resources */ = {isa = PBXBuildFile; fileRef = D0ED749B2DCB72F70008C397 /* Assets.xcassets */; };
		D0ED749F2DCB72F70008C397 /* Preview Assets.xcassets in Resources */ = {isa = PBXBuildFile; fileRef = D0ED749E2DCB72F70008C397 /* Preview Assets.xcassets */; };
		D0ED74AA2DCB72F90008C397 /* WallhavendTests.swift in Sources */ = {isa = PBXBuildFile; fileRef = D0ED74A92DCB72F90008C397 /* WallhavendTests.swift */; };
		D0ED74B42DCB72F90008C397 /* WallhavendUITests.swift in Sources */ = {isa = PBXBuildFile; fileRef = D0ED74B32DCB72F90008C397 /* WallhavendUITests.swift */; };
		D0ED74B62DCB72F90008C397 /* WallhavendUITestsLaunchTests.swift in Sources */ = {isa = PBXBuildFile; fileRef = D0ED74B52DCB72F90008C397 /* WallhavendUITestsLaunchTests.swift */; };
/* End PBXBuildFile section */

/* Begin PBXContainerItemProxy section */
		D0ED74A62DCB72F90008C397 /* PBXContainerItemProxy */ = {
			isa = PBXContainerItemProxy;
			containerPortal = D0ED748C2DCB72EE0008C397 /* Project object */;
			proxyType = 1;
			remoteGlobalIDString = D0ED74932DCB72EE0008C397;
			remoteInfo = Wallhavend;
		};
		D0ED74B02DCB72F90008C397 /* PBXContainerItemProxy */ = {
			isa = PBXContainerItemProxy;
			containerPortal = D0ED748C2DCB72EE0008C397 /* Project object */;
			proxyType = 1;
			remoteGlobalIDString = D0ED74932DCB72EE0008C397;
			remoteInfo = Wallhavend;
		};
/* End PBXContainerItemProxy section */

/* Begin PBXFileReference section */
		D01707E32DCC4F3E00158EDD /* WallhavenAPI.swift */ = {isa = PBXFileReference; fileEncoding = 4; lastKnownFileType = sourcecode.swift; path = WallhavenAPI.swift; sourceTree = "<group>"; };
		D01707E42DCC4F3E00158EDD /* WallpaperError.swift */ = {isa = PBXFileReference; fileEncoding = 4; lastKnownFileType = sourcecode.swift; path = WallpaperError.swift; sourceTree = "<group>"; };
		D01707E52DCC4F3E00158EDD /* WallpaperManager.swift */ = {isa = PBXFileReference; fileEncoding = 4; lastKnownFileType = sourcecode.swift; path = WallpaperManager.swift; sourceTree = "<group>"; };
		D0C2AECF2DCDD1E700B5E4EA /* AppDelegate.swift */ = {isa = PBXFileReference; fileEncoding = 4; lastKnownFileType = sourcecode.swift; path = AppDelegate.swift; sourceTree = "<group>"; };
		D0C2AED02DCDD1E700B5E4EA /* StatusBarController.swift */ = {isa = PBXFileReference; fileEncoding = 4; lastKnownFileType = sourcecode.swift; path = StatusBarController.swift; sourceTree = "<group>"; };
		D0ED74942DCB72EE0008C397 /* Wallhavend.app */ = {isa = PBXFileReference; explicitFileType = wrapper.application; includeInIndex = 0; path = Wallhavend.app; sourceTree = BUILT_PRODUCTS_DIR; };
		D0ED74972DCB72EE0008C397 /* WallhavendApp.swift */ = {isa = PBXFileReference; lastKnownFileType = sourcecode.swift; path = WallhavendApp.swift; sourceTree = "<group>"; };
		D0ED74992DCB72EE0008C397 /* ContentView.swift */ = {isa = PBXFileReference; lastKnownFileType = sourcecode.swift; path = ContentView.swift; sourceTree = "<group>"; };
		D0ED749B2DCB72F70008C397 /* Assets.xcassets */ = {isa = PBXFileReference; lastKnownFileType = folder.assetcatalog; path = Assets.xcassets; sourceTree = "<group>"; };
		D0ED749E2DCB72F70008C397 /* Preview Assets.xcassets */ = {isa = PBXFileReference; lastKnownFileType = folder.assetcatalog; path = "Preview Assets.xcassets"; sourceTree = "<group>"; };
		D0ED74A02DCB72F70008C397 /* Wallhavend.entitlements */ = {isa = PBXFileReference; lastKnownFileType = text.plist.entitlements; path = Wallhavend.entitlements; sourceTree = "<group>"; };
		D0ED74A52DCB72F90008C397 /* WallhavendTests.xctest */ = {isa = PBXFileReference; explicitFileType = wrapper.cfbundle; includeInIndex = 0; path = WallhavendTests.xctest; sourceTree = BUILT_PRODUCTS_DIR; };
		D0ED74A92DCB72F90008C397 /* WallhavendTests.swift */ = {isa = PBXFileReference; lastKnownFileType = sourcecode.swift; path = WallhavendTests.swift; sourceTree = "<group>"; };
		D0ED74AF2DCB72F90008C397 /* WallhavendUITests.xctest */ = {isa = PBXFileReference; explicitFileType = wrapper.cfbundle; includeInIndex = 0; path = WallhavendUITests.xctest; sourceTree = BUILT_PRODUCTS_DIR; };
		D0ED74B32DCB72F90008C397 /* WallhavendUITests.swift */ = {isa = PBXFileReference; lastKnownFileType = sourcecode.swift; path = WallhavendUITests.swift; sourceTree = "<group>"; };
		D0ED74B52DCB72F90008C397 /* WallhavendUITestsLaunchTests.swift */ = {isa = PBXFileReference; lastKnownFileType = sourcecode.swift; path = WallhavendUITestsLaunchTests.swift; sourceTree = "<group>"; };
/* End PBXFileReference section */

/* Begin PBXFrameworksBuildPhase section */
		D0ED74912DCB72EE0008C397 /* Frameworks */ = {
			isa = PBXFrameworksBuildPhase;
			buildActionMask = 2147483647;
			files = (
			);
			runOnlyForDeploymentPostprocessing = 0;
		};
		D0ED74A22DCB72F90008C397 /* Frameworks */ = {
			isa = PBXFrameworksBuildPhase;
			buildActionMask = 2147483647;
			files = (
			);
			runOnlyForDeploymentPostprocessing = 0;
		};
		D0ED74AC2DCB72F90008C397 /* Frameworks */ = {
			isa = PBXFrameworksBuildPhase;
			buildActionMask = 2147483647;
			files = (
			);
			runOnlyForDeploymentPostprocessing = 0;
		};
/* End PBXFrameworksBuildPhase section */

/* Begin PBXGroup section */
		D0ED748B2DCB72EE0008C397 = {
			isa = PBXGroup;
			children = (
				D0ED74962DCB72EE0008C397 /* Wallhavend */,
				D0ED74A82DCB72F90008C397 /* WallhavendTests */,
				D0ED74B22DCB72F90008C397 /* WallhavendUITests */,
				D0ED74952DCB72EE0008C397 /* Products */,
			);
			sourceTree = "<group>";
		};
		D0ED74952DCB72EE0008C397 /* Products */ = {
			isa = PBXGroup;
			children = (
				D0ED74942DCB72EE0008C397 /* Wallhavend.app */,
				D0ED74A52DCB72F90008C397 /* WallhavendTests.xctest */,
				D0ED74AF2DCB72F90008C397 /* WallhavendUITests.xctest */,
			);
			name = Products;
			sourceTree = "<group>";
		};
		D0ED74962DCB72EE0008C397 /* Wallhavend */ = {
			isa = PBXGroup;
			children = (
				D0C2AECF2DCDD1E700B5E4EA /* AppDelegate.swift */,
				D0C2AED02DCDD1E700B5E4EA /* StatusBarController.swift */,
				D01707E32DCC4F3E00158EDD /* WallhavenAPI.swift */,
				D01707E42DCC4F3E00158EDD /* WallpaperError.swift */,
				D01707E52DCC4F3E00158EDD /* WallpaperManager.swift */,
				D0ED74972DCB72EE0008C397 /* WallhavendApp.swift */,
				D0ED74992DCB72EE0008C397 /* ContentView.swift */,
				D0ED749B2DCB72F70008C397 /* Assets.xcassets */,
				D0ED74A02DCB72F70008C397 /* Wallhavend.entitlements */,
				D0ED749D2DCB72F70008C397 /* Preview Content */,
			);
			path = Wallhavend;
			sourceTree = "<group>";
		};
		D0ED749D2DCB72F70008C397 /* Preview Content */ = {
			isa = PBXGroup;
			children = (
				D0ED749E2DCB72F70008C397 /* Preview Assets.xcassets */,
			);
			path = "Preview Content";
			sourceTree = "<group>";
		};
		D0ED74A82DCB72F90008C397 /* WallhavendTests */ = {
			isa = PBXGroup;
			children = (
				D0ED74A92DCB72F90008C397 /* WallhavendTests.swift */,
			);
			path = WallhavendTests;
			sourceTree = "<group>";
		};
		D0ED74B22DCB72F90008C397 /* WallhavendUITests */ = {
			isa = PBXGroup;
			children = (
				D0ED74B32DCB72F90008C397 /* WallhavendUITests.swift */,
				D0ED74B52DCB72F90008C397 /* WallhavendUITestsLaunchTests.swift */,
			);
			path = WallhavendUITests;
			sourceTree = "<group>";
		};
/* End PBXGroup section */

/* Begin PBXNativeTarget section */
		D0ED74932DCB72EE0008C397 /* Wallhavend */ = {
			isa = PBXNativeTarget;
			buildConfigurationList = D0ED74B92DCB72F90008C397 /* Build configuration list for PBXNativeTarget "Wallhavend" */;
			buildPhases = (
				D0ED74902DCB72EE0008C397 /* Sources */,
				D0ED74912DCB72EE0008C397 /* Frameworks */,
				D0ED74922DCB72EE0008C397 /* Resources */,
			);
			buildRules = (
			);
			dependencies = (
			);
			name = Wallhavend;
			productName = Wallhavend;
			productReference = D0ED74942DCB72EE0008C397 /* Wallhavend.app */;
			productType = "com.apple.product-type.application";
		};
		D0ED74A42DCB72F90008C397 /* WallhavendTests */ = {
			isa = PBXNativeTarget;
			buildConfigurationList = D0ED74BC2DCB72F90008C397 /* Build configuration list for PBXNativeTarget "WallhavendTests" */;
			buildPhases = (
				D0ED74A12DCB72F90008C397 /* Sources */,
				D0ED74A22DCB72F90008C397 /* Frameworks */,
				D0ED74A32DCB72F90008C397 /* Resources */,
			);
			buildRules = (
			);
			dependencies = (
				D0ED74A72DCB72F90008C397 /* PBXTargetDependency */,
			);
			name = WallhavendTests;
			productName = WallhavendTests;
			productReference = D0ED74A52DCB72F90008C397 /* WallhavendTests.xctest */;
			productType = "com.apple.product-type.bundle.unit-test";
		};
		D0ED74AE2DCB72F90008C397 /* WallhavendUITests */ = {
			isa = PBXNativeTarget;
			buildConfigurationList = D0ED74BF2DCB72F90008C397 /* Build configuration list for PBXNativeTarget "WallhavendUITests" */;
			buildPhases = (
				D0ED74AB2DCB72F90008C397 /* Sources */,
				D0ED74AC2DCB72F90008C397 /* Frameworks */,
				D0ED74AD2DCB72F90008C397 /* Resources */,
			);
			buildRules = (
			);
			dependencies = (
				D0ED74B12DCB72F90008C397 /* PBXTargetDependency */,
			);
			name = WallhavendUITests;
			productName = WallhavendUITests;
			productReference = D0ED74AF2DCB72F90008C397 /* WallhavendUITests.xctest */;
			productType = "com.apple.product-type.bundle.ui-testing";
		};
/* End PBXNativeTarget section */

/* Begin PBXProject section */
		D0ED748C2DCB72EE0008C397 /* Project object */ = {
			isa = PBXProject;
			attributes = {
				BuildIndependentTargetsInParallel = 1;
				LastSwiftUpdateCheck = 1420;
				LastUpgradeCheck = 1420;
				TargetAttributes = {
					D0ED74932DCB72EE0008C397 = {
						CreatedOnToolsVersion = 14.2;
					};
					D0ED74A42DCB72F90008C397 = {
						CreatedOnToolsVersion = 14.2;
						TestTargetID = D0ED74932DCB72EE0008C397;
					};
					D0ED74AE2DCB72F90008C397 = {
						CreatedOnToolsVersion = 14.2;
						TestTargetID = D0ED74932DCB72EE0008C397;
					};
				};
			};
			buildConfigurationList = D0ED748F2DCB72EE0008C397 /* Build configuration list for PBXProject "Wallhavend" */;
			compatibilityVersion = "Xcode 14.0";
			developmentRegion = en;
			hasScannedForEncodings = 0;
			knownRegions = (
				en,
				Base,
			);
			mainGroup = D0ED748B2DCB72EE0008C397;
			productRefGroup = D0ED74952DCB72EE0008C397 /* Products */;
			projectDirPath = "";
			projectRoot = "";
			targets = (
				D0ED74932DCB72EE0008C397 /* Wallhavend */,
				D0ED74A42DCB72F90008C397 /* WallhavendTests */,
				D0ED74AE2DCB72F90008C397 /* WallhavendUITests */,
			);
		};
/* End PBXProject section */

/* Begin PBXResourcesBuildPhase section */
		D0ED74922DCB72EE0008C397 /* Resources */ = {
			isa = PBXResourcesBuildPhase;
			buildActionMask = 2147483647;
			files = (
				D0ED749F2DCB72F70008C397 /* Preview Assets.xcassets in Resources */,
				D0ED749C2DCB72F70008C397 /* Assets.xcassets in Resources */,
			);
			runOnlyForDeploymentPostprocessing = 0;
		};
		D0ED74A32DCB72F90008C397 /* Resources */ = {
			isa = PBXResourcesBuildPhase;
			buildActionMask = 2147483647;
			files = (
			);
			runOnlyForDeploymentPostprocessing = 0;
		};
		D0ED74AD2DCB72F90008C397 /* Resources */ = {
			isa = PBXResourcesBuildPhase;
			buildActionMask = 2147483647;
			files = (
			);
			runOnlyForDeploymentPostprocessing = 0;
		};
/* End PBXResourcesBuildPhase section */

/* Begin PBXSourcesBuildPhase section */
		D0ED74902DCB72EE0008C397 /* Sources */ = {
			isa = PBXSourcesBuildPhase;
			buildActionMask = 2147483647;
			files = (
				D0C2AED12DCDD1E700B5E4EA /* AppDelegate.swift in Sources */,
				D0C2AED22DCDD1E700B5E4EA /* StatusBarController.swift in Sources */,
				D0ED749A2DCB72EE0008C397 /* ContentView.swift in Sources */,
				D01707E72DCC4F3E00158EDD /* WallpaperError.swift in Sources */,
				D01707E62DCC4F3E00158EDD /* WallhavenAPI.swift in Sources */,
				D0ED74982DCB72EE0008C397 /* WallhavendApp.swift in Sources */,
				D01707E82DCC4F3E00158EDD /* WallpaperManager.swift in Sources */,
			);
			runOnlyForDeploymentPostprocessing = 0;
		};
		D0ED74A12DCB72F90008C397 /* Sources */ = {
			isa = PBXSourcesBuildPhase;
			buildActionMask = 2147483647;
			files = (
				D0ED74AA2DCB72F90008C397 /* WallhavendTests.swift in Sources */,
			);
			runOnlyForDeploymentPostprocessing = 0;
		};
		D0ED74AB2DCB72F90008C397 /* Sources */ = {
			isa = PBXSourcesBuildPhase;
			buildActionMask = 2147483647;
			files = (
				D0ED74B62DCB72F90008C397 /* WallhavendUITestsLaunchTests.swift in Sources */,
				D0ED74B42DCB72F90008C397 /* WallhavendUITests.swift in Sources */,
			);
			runOnlyForDeploymentPostprocessing = 0;
		};
/* End PBXSourcesBuildPhase section */

/* Begin PBXTargetDependency section */
		D0ED74A72DCB72F90008C397 /* PBXTargetDependency */ = {
			isa = PBXTargetDependency;
			target = D0ED74932DCB72EE0008C397 /* Wallhavend */;
			targetProxy = D0ED74A62DCB72F90008C397 /* PBXContainerItemProxy */;
		};
		D0ED74B12DCB72F90008C397 /* PBXTargetDependency */ = {
			isa = PBXTargetDependency;
			target = D0ED74932DCB72EE0008C397 /* Wallhavend */;
			targetProxy = D0ED74B02DCB72F90008C397 /* PBXContainerItemProxy */;
		};
/* End PBXTargetDependency section */

/* Begin XCBuildConfiguration section */
		D0ED74B72DCB72F90008C397 /* Debug */ = {
			isa = XCBuildConfiguration;
			buildSettings = {
				ALWAYS_SEARCH_USER_PATHS = NO;
				CLANG_ANALYZER_NONNULL = YES;
				CLANG_ANALYZER_NUMBER_OBJECT_CONVERSION = YES_AGGRESSIVE;
				CLANG_CXX_LANGUAGE_STANDARD = "gnu++20";
				CLANG_ENABLE_MODULES = YES;
				CLANG_ENABLE_OBJC_ARC = YES;
				CLANG_ENABLE_OBJC_WEAK = YES;
				CLANG_WARN_BLOCK_CAPTURE_AUTORELEASING = YES;
				CLANG_WARN_BOOL_CONVERSION = YES;
				CLANG_WARN_COMMA = YES;
				CLANG_WARN_CONSTANT_CONVERSION = YES;
				CLANG_WARN_DEPRECATED_OBJC_IMPLEMENTATIONS = YES;
				CLANG_WARN_DIRECT_OBJC_ISA_USAGE = YES_ERROR;
				CLANG_WARN_DOCUMENTATION_COMMENTS = YES;
				CLANG_WARN_EMPTY_BODY = YES;
				CLANG_WARN_ENUM_CONVERSION = YES;
				CLANG_WARN_INFINITE_RECURSION = YES;
				CLANG_WARN_INT_CONVERSION = YES;
				CLANG_WARN_NON_LITERAL_NULL_CONVERSION = YES;
				CLANG_WARN_OBJC_IMPLICIT_RETAIN_SELF = YES;
				CLANG_WARN_OBJC_LITERAL_CONVERSION = YES;
				CLANG_WARN_OBJC_ROOT_CLASS = YES_ERROR;
				CLANG_WARN_QUOTED_INCLUDE_IN_FRAMEWORK_HEADER = YES;
				CLANG_WARN_RANGE_LOOP_ANALYSIS = YES;
				CLANG_WARN_STRICT_PROTOTYPES = YES;
				CLANG_WARN_SUSPICIOUS_MOVE = YES;
				CLANG_WARN_UNGUARDED_AVAILABILITY = YES_AGGRESSIVE;
				CLANG_WARN_UNREACHABLE_CODE = YES;
				CLANG_WARN__DUPLICATE_METHOD_MATCH = YES;
				COPY_PHASE_STRIP = NO;
				CURRENT_PROJECT_VERSION = 4;
				DEBUG_INFORMATION_FORMAT = dwarf;
				ENABLE_STRICT_OBJC_MSGSEND = YES;
				ENABLE_TESTABILITY = YES;
				GCC_C_LANGUAGE_STANDARD = gnu11;
				GCC_DYNAMIC_NO_PIC = NO;
				GCC_NO_COMMON_BLOCKS = YES;
				GCC_OPTIMIZATION_LEVEL = 0;
				GCC_PREPROCESSOR_DEFINITIONS = (
					"DEBUG=1",
					"$(inherited)",
				);
				GCC_WARN_64_TO_32_BIT_CONVERSION = YES;
				GCC_WARN_ABOUT_RETURN_TYPE = YES_ERROR;
				GCC_WARN_UNDECLARED_SELECTOR = YES;
				GCC_WARN_UNINITIALIZED_AUTOS = YES_AGGRESSIVE;
				GCC_WARN_UNUSED_FUNCTION = YES;
				GCC_WARN_UNUSED_VARIABLE = YES;
				MACOSX_DEPLOYMENT_TARGET = 12.7;
				MARKETING_VERSION = 2.0.0;
				MTL_ENABLE_DEBUG_INFO = INCLUDE_SOURCE;
				MTL_FAST_MATH = YES;
				ONLY_ACTIVE_ARCH = YES;
				SDKROOT = macosx;
				SWIFT_ACTIVE_COMPILATION_CONDITIONS = DEBUG;
				SWIFT_OPTIMIZATION_LEVEL = "-Onone";
			};
			name = Debug;
		};
		D0ED74B82DCB72F90008C397 /* Release */ = {
			isa = XCBuildConfiguration;
			buildSettings = {
				ALWAYS_SEARCH_USER_PATHS = NO;
				CLANG_ANALYZER_NONNULL = YES;
				CLANG_ANALYZER_NUMBER_OBJECT_CONVERSION = YES_AGGRESSIVE;
				CLANG_CXX_LANGUAGE_STANDARD = "gnu++20";
				CLANG_ENABLE_MODULES = YES;
				CLANG_ENABLE_OBJC_ARC = YES;
				CLANG_ENABLE_OBJC_WEAK = YES;
				CLANG_WARN_BLOCK_CAPTURE_AUTORELEASING = YES;
				CLANG_WARN_BOOL_CONVERSION = YES;
				CLANG_WARN_COMMA = YES;
				CLANG_WARN_CONSTANT_CONVERSION = YES;
				CLANG_WARN_DEPRECATED_OBJC_IMPLEMENTATIONS = YES;
				CLANG_WARN_DIRECT_OBJC_ISA_USAGE = YES_ERROR;
				CLANG_WARN_DOCUMENTATION_COMMENTS = YES;
				CLANG_WARN_EMPTY_BODY = YES;
				CLANG_WARN_ENUM_CONVERSION = YES;
				CLANG_WARN_INFINITE_RECURSION = YES;
				CLANG_WARN_INT_CONVERSION = YES;
				CLANG_WARN_NON_LITERAL_NULL_CONVERSION = YES;
				CLANG_WARN_OBJC_IMPLICIT_RETAIN_SELF = YES;
				CLANG_WARN_OBJC_LITERAL_CONVERSION = YES;
				CLANG_WARN_OBJC_ROOT_CLASS = YES_ERROR;
				CLANG_WARN_QUOTED_INCLUDE_IN_FRAMEWORK_HEADER = YES;
				CLANG_WARN_RANGE_LOOP_ANALYSIS = YES;
				CLANG_WARN_STRICT_PROTOTYPES = YES;
				CLANG_WARN_SUSPICIOUS_MOVE = YES;
				CLANG_WARN_UNGUARDED_AVAILABILITY = YES_AGGRESSIVE;
				CLANG_WARN_UNREACHABLE_CODE = YES;
				CLANG_WARN__DUPLICATE_METHOD_MATCH = YES;
				COPY_PHASE_STRIP = NO;
				CURRENT_PROJECT_VERSION = 4;
				DEBUG_INFORMATION_FORMAT = "dwarf-with-dsym";
				ENABLE_NS_ASSERTIONS = NO;
				ENABLE_STRICT_OBJC_MSGSEND = YES;
				GCC_C_LANGUAGE_STANDARD = gnu11;
				GCC_NO_COMMON_BLOCKS = YES;
				GCC_WARN_64_TO_32_BIT_CONVERSION = YES;
				GCC_WARN_ABOUT_RETURN_TYPE = YES_ERROR;
				GCC_WARN_UNDECLARED_SELECTOR = YES;
				GCC_WARN_UNINITIALIZED_AUTOS = YES_AGGRESSIVE;
				GCC_WARN_UNUSED_FUNCTION = YES;
				GCC_WARN_UNUSED_VARIABLE = YES;
				MACOSX_DEPLOYMENT_TARGET = 12.7;
				MARKETING_VERSION = 2.0.0;
				MTL_ENABLE_DEBUG_INFO = NO;
				MTL_FAST_MATH = YES;
				SDKROOT = macosx;
				SWIFT_COMPILATION_MODE = wholemodule;
				SWIFT_OPTIMIZATION_LEVEL = "-O";
			};
			name = Release;
		};
		D0ED74BA2DCB72F90008C397 /* Debug */ = {
			isa = XCBuildConfiguration;
			buildSettings = {
				ASSETCATALOG_COMPILER_APPICON_NAME = AppIcon;
				ASSETCATALOG_COMPILER_GLOBAL_ACCENT_COLOR_NAME = AccentColor;
				CODE_SIGN_ENTITLEMENTS = Wallhavend/Wallhavend.entitlements;
				CODE_SIGN_STYLE = Automatic;
				COMBINE_HIDPI_IMAGES = YES;
				CURRENT_PROJECT_VERSION = 4;
				DEVELOPMENT_ASSET_PATHS = "\"Wallhavend/Preview Content\"";
				ENABLE_PREVIEWS = YES;
				GENERATE_INFOPLIST_FILE = YES;
				INFOPLIST_KEY_LSApplicationCategoryType = "public.app-category.entertainment";
				INFOPLIST_KEY_NSHumanReadableCopyright = "";
				LD_RUNPATH_SEARCH_PATHS = (
					"$(inherited)",
					"@executable_path/../Frameworks",
				);
				MARKETING_VERSION = 1.1.1;
				PRODUCT_BUNDLE_IDENTIFIER = xyz.attacktive.Wallhavend;
				PRODUCT_NAME = "$(TARGET_NAME)";
				SWIFT_EMIT_LOC_STRINGS = YES;
				SWIFT_VERSION = 5.0;
			};
			name = Debug;
		};
		D0ED74BB2DCB72F90008C397 /* Release */ = {
			isa = XCBuildConfiguration;
			buildSettings = {
				ASSETCATALOG_COMPILER_APPICON_NAME = AppIcon;
				ASSETCATALOG_COMPILER_GLOBAL_ACCENT_COLOR_NAME = AccentColor;
				CODE_SIGN_ENTITLEMENTS = Wallhavend/Wallhavend.entitlements;
				CODE_SIGN_STYLE = Automatic;
				COMBINE_HIDPI_IMAGES = YES;
				CURRENT_PROJECT_VERSION = 4;
				DEVELOPMENT_ASSET_PATHS = "\"Wallhavend/Preview Content\"";
				ENABLE_PREVIEWS = YES;
				GENERATE_INFOPLIST_FILE = YES;
				INFOPLIST_KEY_LSApplicationCategoryType = "public.app-category.entertainment";
				INFOPLIST_KEY_NSHumanReadableCopyright = "";
				LD_RUNPATH_SEARCH_PATHS = (
					"$(inherited)",
					"@executable_path/../Frameworks",
				);
				MARKETING_VERSION = 1.1.1;
				PRODUCT_BUNDLE_IDENTIFIER = xyz.attacktive.Wallhavend;
				PRODUCT_NAME = "$(TARGET_NAME)";
				SWIFT_EMIT_LOC_STRINGS = YES;
				SWIFT_VERSION = 5.0;
			};
			name = Release;
		};
		D0ED74BD2DCB72F90008C397 /* Debug */ = {
			isa = XCBuildConfiguration;
			buildSettings = {
				ALWAYS_EMBED_SWIFT_STANDARD_LIBRARIES = YES;
				BUNDLE_LOADER = "$(TEST_HOST)";
				CODE_SIGN_STYLE = Automatic;
				CURRENT_PROJECT_VERSION = 1;
				GENERATE_INFOPLIST_FILE = YES;
				MACOSX_DEPLOYMENT_TARGET = 12.7;
				MARKETING_VERSION = 1.0;
				PRODUCT_BUNDLE_IDENTIFIER = xyz.attacktive.WallhavendTests;
				PRODUCT_NAME = "$(TARGET_NAME)";
				SWIFT_EMIT_LOC_STRINGS = NO;
				SWIFT_VERSION = 5.0;
				TEST_HOST = "$(BUILT_PRODUCTS_DIR)/Wallhavend.app/$(BUNDLE_EXECUTABLE_FOLDER_PATH)/Wallhavend";
			};
			name = Debug;
		};
		D0ED74BE2DCB72F90008C397 /* Release */ = {
			isa = XCBuildConfiguration;
			buildSettings = {
				ALWAYS_EMBED_SWIFT_STANDARD_LIBRARIES = YES;
				BUNDLE_LOADER = "$(TEST_HOST)";
				CODE_SIGN_STYLE = Automatic;
				CURRENT_PROJECT_VERSION = 1;
				GENERATE_INFOPLIST_FILE = YES;
				MACOSX_DEPLOYMENT_TARGET = 12.7;
				MARKETING_VERSION = 1.0;
				PRODUCT_BUNDLE_IDENTIFIER = xyz.attacktive.WallhavendTests;
				PRODUCT_NAME = "$(TARGET_NAME)";
				SWIFT_EMIT_LOC_STRINGS = NO;
				SWIFT_VERSION = 5.0;
				TEST_HOST = "$(BUILT_PRODUCTS_DIR)/Wallhavend.app/$(BUNDLE_EXECUTABLE_FOLDER_PATH)/Wallhavend";
			};
			name = Release;
		};
		D0ED74C02DCB72F90008C397 /* Debug */ = {
			isa = XCBuildConfiguration;
			buildSettings = {
				ALWAYS_EMBED_SWIFT_STANDARD_LIBRARIES = YES;
				CODE_SIGN_STYLE = Automatic;
				CURRENT_PROJECT_VERSION = 2;
				GENERATE_INFOPLIST_FILE = YES;
				MARKETING_VERSION = 2.0.0;
				PRODUCT_BUNDLE_IDENTIFIER = xyz.attacktive.WallhavendUITests;
				PRODUCT_NAME = "$(TARGET_NAME)";
				SWIFT_EMIT_LOC_STRINGS = NO;
				SWIFT_VERSION = 6.0;
				TEST_TARGET_NAME = Wallhavend;
			};
			name = Debug;
		};
		D0ED74C12DCB72F90008C397 /* Release */ = {
			isa = XCBuildConfiguration;
			buildSettings = {
				ALWAYS_EMBED_SWIFT_STANDARD_LIBRARIES = YES;
				CODE_SIGN_STYLE = Automatic;
				CURRENT_PROJECT_VERSION = 2;
				GENERATE_INFOPLIST_FILE = YES;
				MARKETING_VERSION = 2.0.0;
				PRODUCT_BUNDLE_IDENTIFIER = xyz.attacktive.WallhavendUITests;
				PRODUCT_NAME = "$(TARGET_NAME)";
				SWIFT_EMIT_LOC_STRINGS = NO;
				SWIFT_VERSION = 6.0;
				TEST_TARGET_NAME = Wallhavend;
			};
			name = Release;
		};
/* End XCBuildConfiguration section */

/* Begin XCConfigurationList section */
		D0ED748F2DCB72EE0008C397 /* Build configuration list for PBXProject "Wallhavend" */ = {
			isa = XCConfigurationList;
			buildConfigurations = (
				D0ED74B72DCB72F90008C397 /* Debug */,
				D0ED74B82DCB72F90008C397 /* Release */,
			);
			defaultConfigurationIsVisible = 0;
			defaultConfigurationName = Release;
		};
		D0ED74B92DCB72F90008C397 /* Build configuration list for PBXNativeTarget "Wallhavend" */ = {
			isa = XCConfigurationList;
			buildConfigurations = (
				D0ED74BA2DCB72F90008C397 /* Debug */,
				D0ED74BB2DCB72F90008C397 /* Release */,
			);
			defaultConfigurationIsVisible = 0;
			defaultConfigurationName = Release;
		};
		D0ED74BC2DCB72F90008C397 /* Build configuration list for PBXNativeTarget "WallhavendTests" */ = {
			isa = XCConfigurationList;
			buildConfigurations = (
				D0ED74BD2DCB72F90008C397 /* Debug */,
				D0ED74BE2DCB72F90008C397 /* Release */,
			);
			defaultConfigurationIsVisible = 0;
			defaultConfigurationName = Release;
		};
		D0ED74BF2DCB72F90008C397 /* Build configuration list for PBXNativeTarget "WallhavendUITests" */ = {
			isa = XCConfigurationList;
			buildConfigurations = (
				D0ED74C02DCB72F90008C397 /* Debug */,
				D0ED74C12DCB72F90008C397 /* Release */,
			);
			defaultConfigurationIsVisible = 0;
			defaultConfigurationName = Release;
		};
/* End XCConfigurationList section */
	};
	rootObject = D0ED748C2DCB72EE0008C397 /* Project object */;
}
